
Microsoft Visual Studio Solution File, Format Version 12.00
# Visual Studio Version 17
VisualStudioVersion = 17.14.36327.8
MinimumVisualStudioVersion = 10.0.40219.1
Project("{8BC9CEB8-8B4A-11D0-8D11-00A0C91BC942}") = "trade_bridge", "trade_bridge.vcxproj", "{04EC7455-D85C-489B-9B4C-004DCFC5AA73}"
EndProject
Project("{8BC9CEB8-8B4A-11D0-8D11-00A0C91BC942}") = "mock", "..\mock\mock.vcxproj", "{4EC3402C-DFFF-4178-810E-DEDD12180750}"
EndProject
Global
	GlobalSection(SolutionConfigurationPlatforms) = preSolution
		Debug|x64 = Debug|x64
		Debug|x86 = Debug|x86
		Release|x64 = Release|x64
		Release|x86 = Release|x86
	EndGlobalSection
	GlobalSection(ProjectConfigurationPlatforms) = postSolution
		{04EC7455-D85C-489B-9B4C-004DCFC5AA73}.Debug|x64.ActiveCfg = Debug|x64
		{04EC7455-D85C-489B-9B4C-004DCFC5AA73}.Debug|x64.Build.0 = Debug|x64
		{04EC7455-D85C-489B-9B4C-004DCFC5AA73}.Debug|x86.ActiveCfg = Debug|Win32
		{04EC7455-D85C-489B-9B4C-004DCFC5AA73}.Debug|x86.Build.0 = Debug|Win32
		{04EC7455-D85C-489B-9B4C-004DCFC5AA73}.Release|x64.ActiveCfg = Release|x64
		{04EC7455-D85C-489B-9B4C-004DCFC5AA73}.Release|x64.Build.0 = Release|x64
		{04EC7455-D85C-489B-9B4C-004DCFC5AA73}.Release|x86.ActiveCfg = Release|Win32
		{04EC7455-D85C-489B-9B4C-004DCFC5AA73}.Release|x86.Build.0 = Release|Win32
		{4EC3402C-DFFF-4178-810E-DEDD12180750}.Debug|x64.ActiveCfg = Debug|x64
		{4EC3402C-DFFF-4178-810E-DEDD12180750}.Debug|x64.Build.0 = Debug|x64
		{4EC3402C-DFFF-4178-810E-DEDD12180750}.Debug|x86.ActiveCfg = Debug|Win32
		{4EC3402C-DFFF-4178-810E-DEDD12180750}.Debug|x86.Build.0 = Debug|Win32
		{4EC3402C-DFFF-4178-810E-DEDD12180750}.Release|x64.ActiveCfg = Release|x64
		{4EC3402C-DFFF-4178-810E-DEDD12180750}.Release|x64.Build.0 = Release|x64
		{4EC3402C-DFFF-4178-810E-DEDD12180750}.Release|x86.ActiveCfg = Release|Win32
		{4EC3402C-DFFF-4178-810E-DEDD12180750}.Release|x86.Build.0 = Release|Win32
	EndGlobalSection
	GlobalSection(SolutionProperties) = preSolution
		HideSolutionNode = FALSE
	EndGlobalSection
	GlobalSection(ExtensibilityGlobals) = postSolution
		SolutionGuid = {CBDDB924-B43D-41F2-845D-382FAE54EE96}
	EndGlobalSection
EndGlobal
